
Microsoft Visual Studio Solution File, Format Version 12.00
# Visual Studio Version 17
VisualStudioVersion = 17.4.33205.214
MinimumVisualStudioVersion = 10.0.40219.1
Project("{FAE04EC0-301F-11D3-BF4B-00C04F79EFBC}") = "Quarterly tax calculator", "Quarterly tax calculator\Quarterly tax calculator.csproj", "{8896992B-FA6A-40A8-BEA8-7CE2EE8FA21B}"
EndProject
Global
	GlobalSection(SolutionConfigurationPlatforms) = preSolution
		Debug|Any CPU = Debug|Any CPU
		Release|Any CPU = Release|Any CPU
	EndGlobalSection
	GlobalSection(ProjectConfigurationPlatforms) = postSolution
		{8896992B-FA6A-40A8-BEA8-7CE2EE8FA21B}.Debug|Any CPU.ActiveCfg = Debug|Any CPU
		{8896992B-FA6A-40A8-BEA8-7CE2EE8FA21B}.Debug|Any CPU.Build.0 = Debug|Any CPU
		{8896992B-FA6A-40A8-BEA8-7CE2EE8FA21B}.Release|Any CPU.ActiveCfg = Release|Any CPU
		{8896992B-FA6A-40A8-BEA8-7CE2EE8FA21B}.Release|Any CPU.Build.0 = Release|Any CPU
	EndGlobalSection
	GlobalSection(SolutionProperties) = preSolution
		HideSolutionNode = FALSE
	EndGlobalSection
	GlobalSection(ExtensibilityGlobals) = postSolution
		SolutionGuid = {3DB0B0BC-AEF4-4715-BBC9-E33543DEBE8E}
	EndGlobalSection
EndGlobal
